
Microsoft Visual Studio Solution File, Format Version 12.00
# Visual Studio Version 17
VisualStudioVersion = 17.4.33122.133
MinimumVisualStudioVersion = 10.0.40219.1
Project("{FAE04EC0-301F-11D3-BF4B-00C04F79EFBC}") = "PyoyectoNugetTienda", "PyoyectoNugetTienda\PyoyectoNugetTienda.csproj", "{806DDCC3-8816-4157-81B9-DE8630F7F1C3}"
EndProject
Global
	GlobalSection(SolutionConfigurationPlatforms) = preSolution
		Debug|Any CPU = Debug|Any CPU
		Release|Any CPU = Release|Any CPU
	EndGlobalSection
	GlobalSection(ProjectConfigurationPlatforms) = postSolution
		{806DDCC3-8816-4157-81B9-DE8630F7F1C3}.Debug|Any CPU.ActiveCfg = Debug|Any CPU
		{806DDCC3-8816-4157-81B9-DE8630F7F1C3}.Debug|Any CPU.Build.0 = Debug|Any CPU
		{806DDCC3-8816-4157-81B9-DE8630F7F1C3}.Release|Any CPU.ActiveCfg = Release|Any CPU
		{806DDCC3-8816-4157-81B9-DE8630F7F1C3}.Release|Any CPU.Build.0 = Release|Any CPU
	EndGlobalSection
	GlobalSection(SolutionProperties) = preSolution
		HideSolutionNode = FALSE
	EndGlobalSection
	GlobalSection(ExtensibilityGlobals) = postSolution
		SolutionGuid = {EAAAD5C0-F9E0-44D8-BDE4-4523B2E1FCA3}
	EndGlobalSection
EndGlobal
